
Microsoft Visual Studio Solution File, Format Version 12.00
# Visual Studio Version 16
VisualStudioVersion = 16.0.30804.86
MinimumVisualStudioVersion = 10.0.40219.1
Project("{9A19103F-16F7-4668-BE54-9A1E7A4F7556}") = "Kampİntro", "Kampİntro\Kampİntro.csproj", "{665F17BC-CD34-4685-B212-CBE48F5646C8}"
EndProject
Project("{9A19103F-16F7-4668-BE54-9A1E7A4F7556}") = "Donguler", "Donguler\Donguler.csproj", "{5BA4B3B7-2AEB-48E1-AEB5-1AA073B88509}"
EndProject
Project("{9A19103F-16F7-4668-BE54-9A1E7A4F7556}") = "ClassIntro", "ClassIntro\ClassIntro.csproj", "{8038D5AB-07DF-4841-A441-5C8FD3CF66BB}"
EndProject
Project("{9A19103F-16F7-4668-BE54-9A1E7A4F7556}") = "ConsoleApp1", "ConsoleApp1\ConsoleApp1.csproj", "{1A9FC7F6-C905-4E6B-B92C-3762CDE5C953}"
EndProject
Project("{9A19103F-16F7-4668-BE54-9A1E7A4F7556}") = "Metotlar", "Metotlar\Metotlar.csproj", "{F19FD6AD-F3F5-4320-96BC-1FBD32BA4519}"
EndProject
Project("{FAE04EC0-301F-11D3-BF4B-00C04F79EFBC}") = "Matematik", "Matematik\Matematik.csproj", "{06C884FC-A9F1-4DE0-B426-07EF6AED80C3}"
EndProject
Project("{FAE04EC0-301F-11D3-BF4B-00C04F79EFBC}") = "DegerVeReferansTipler", "DegerVeReferansTipler\DegerVeReferansTipler.csproj", "{710E5474-4513-4B25-A561-1DD45CCB482A}"
EndProject
Global
	GlobalSection(SolutionConfigurationPlatforms) = preSolution
		Debug|Any CPU = Debug|Any CPU
		Release|Any CPU = Release|Any CPU
	EndGlobalSection
	GlobalSection(ProjectConfigurationPlatforms) = postSolution
		{665F17BC-CD34-4685-B212-CBE48F5646C8}.Debug|Any CPU.ActiveCfg = Debug|Any CPU
		{665F17BC-CD34-4685-B212-CBE48F5646C8}.Debug|Any CPU.Build.0 = Debug|Any CPU
		{665F17BC-CD34-4685-B212-CBE48F5646C8}.Release|Any CPU.ActiveCfg = Release|Any CPU
		{665F17BC-CD34-4685-B212-CBE48F5646C8}.Release|Any CPU.Build.0 = Release|Any CPU
		{5BA4B3B7-2AEB-48E1-AEB5-1AA073B88509}.Debug|Any CPU.ActiveCfg = Debug|Any CPU
		{5BA4B3B7-2AEB-48E1-AEB5-1AA073B88509}.Debug|Any CPU.Build.0 = Debug|Any CPU
		{5BA4B3B7-2AEB-48E1-AEB5-1AA073B88509}.Release|Any CPU.ActiveCfg = Release|Any CPU
		{5BA4B3B7-2AEB-48E1-AEB5-1AA073B88509}.Release|Any CPU.Build.0 = Release|Any CPU
		{8038D5AB-07DF-4841-A441-5C8FD3CF66BB}.Debug|Any CPU.ActiveCfg = Debug|Any CPU
		{8038D5AB-07DF-4841-A441-5C8FD3CF66BB}.Debug|Any CPU.Build.0 = Debug|Any CPU
		{8038D5AB-07DF-4841-A441-5C8FD3CF66BB}.Release|Any CPU.ActiveCfg = Release|Any CPU
		{8038D5AB-07DF-4841-A441-5C8FD3CF66BB}.Release|Any CPU.Build.0 = Release|Any CPU
		{1A9FC7F6-C905-4E6B-B92C-3762CDE5C953}.Debug|Any CPU.ActiveCfg = Debug|Any CPU
		{1A9FC7F6-C905-4E6B-B92C-3762CDE5C953}.Debug|Any CPU.Build.0 = Debug|Any CPU
		{1A9FC7F6-C905-4E6B-B92C-3762CDE5C953}.Release|Any CPU.ActiveCfg = Release|Any CPU
		{1A9FC7F6-C905-4E6B-B92C-3762CDE5C953}.Release|Any CPU.Build.0 = Release|Any CPU
		{F19FD6AD-F3F5-4320-96BC-1FBD32BA4519}.Debug|Any CPU.ActiveCfg = Debug|Any CPU
		{F19FD6AD-F3F5-4320-96BC-1FBD32BA4519}.Debug|Any CPU.Build.0 = Debug|Any CPU
		{F19FD6AD-F3F5-4320-96BC-1FBD32BA4519}.Release|Any CPU.ActiveCfg = Release|Any CPU
		{F19FD6AD-F3F5-4320-96BC-1FBD32BA4519}.Release|Any CPU.Build.0 = Release|Any CPU
		{06C884FC-A9F1-4DE0-B426-07EF6AED80C3}.Debug|Any CPU.ActiveCfg = Debug|Any CPU
		{06C884FC-A9F1-4DE0-B426-07EF6AED80C3}.Debug|Any CPU.Build.0 = Debug|Any CPU
		{06C884FC-A9F1-4DE0-B426-07EF6AED80C3}.Release|Any CPU.ActiveCfg = Release|Any CPU
		{06C884FC-A9F1-4DE0-B426-07EF6AED80C3}.Release|Any CPU.Build.0 = Release|Any CPU
		{710E5474-4513-4B25-A561-1DD45CCB482A}.Debug|Any CPU.ActiveCfg = Debug|Any CPU
		{710E5474-4513-4B25-A561-1DD45CCB482A}.Debug|Any CPU.Build.0 = Debug|Any CPU
		{710E5474-4513-4B25-A561-1DD45CCB482A}.Release|Any CPU.ActiveCfg = Release|Any CPU
		{710E5474-4513-4B25-A561-1DD45CCB482A}.Release|Any CPU.Build.0 = Release|Any CPU
	EndGlobalSection
	GlobalSection(SolutionProperties) = preSolution
		HideSolutionNode = FALSE
	EndGlobalSection
	GlobalSection(ExtensibilityGlobals) = postSolution
		SolutionGuid = {BC16156A-34B6-4F9F-9970-F0AFB4F0B6AF}
	EndGlobalSection
EndGlobal
