
Microsoft Visual Studio Solution File, Format Version 12.00
# Visual Studio Version 16
VisualStudioVersion = 16.0.30804.86
MinimumVisualStudioVersion = 10.0.40219.1
Project("{9A19103F-16F7-4668-BE54-9A1E7A4F7556}") = "Kampİntro", "Kampİntro\Kampİntro.csproj", "{665F17BC-CD34-4685-B212-CBE48F5646C8}"
EndProject
Project("{9A19103F-16F7-4668-BE54-9A1E7A4F7556}") = "Donguler", "Donguler\Donguler.csproj", "{5BA4B3B7-2AEB-48E1-AEB5-1AA073B88509}"
EndProject
Project("{9A19103F-16F7-4668-BE54-9A1E7A4F7556}") = "ClassIntro", "ClassIntro\ClassIntro.csproj", "{8038D5AB-07DF-4841-A441-5C8FD3CF66BB}"
EndProject
Project("{9A19103F-16F7-4668-BE54-9A1E7A4F7556}") = "switchVeriTipi", "ConsoleApp1\switchVeriTipi.csproj", "{1A9FC7F6-C905-4E6B-B92C-3762CDE5C953}"
EndProject
Project("{9A19103F-16F7-4668-BE54-9A1E7A4F7556}") = "Metotlar", "Metotlar\Metotlar.csproj", "{F19FD6AD-F3F5-4320-96BC-1FBD32BA4519}"
EndProject
Project("{9A19103F-16F7-4668-BE54-9A1E7A4F7556}") = "Matematik", "Matematik\Matematik.csproj", "{06C884FC-A9F1-4DE0-B426-07EF6AED80C3}"
EndProject
Project("{9A19103F-16F7-4668-BE54-9A1E7A4F7556}") = "OOP1", "OOP1\OOP1.csproj", "{797AE641-8702-406C-BE42-D8FC24D02B96}"
EndProject
Project("{9A19103F-16F7-4668-BE54-9A1E7A4F7556}") = "Koleksiyonlar", "Koleksiyonlar\Koleksiyonlar.csproj", "{BE98C74C-E767-4A12-AD96-C5EA905EBE42}"
EndProject
Project("{9A19103F-16F7-4668-BE54-9A1E7A4F7556}") = "Genericsİntro", "Genericsİntro\Genericsİntro.csproj", "{FB64673A-9AEE-481F-9DF0-A5A97BA1EE72}"
EndProject
Project("{9A19103F-16F7-4668-BE54-9A1E7A4F7556}") = "ReferanceTypes", "ReferanceTypes\ReferanceTypes.csproj", "{FFCEB1C5-FBA8-458B-A71B-BB1B5398BFA3}"
EndProject
Project("{9A19103F-16F7-4668-BE54-9A1E7A4F7556}") = "Constructors", "Constructors\Constructors.csproj", "{7C5947C9-3E6A-4D73-8AA7-B6DC95FBC63D}"
EndProject
Project("{9A19103F-16F7-4668-BE54-9A1E7A4F7556}") = "Genericsİntro2222", "Genericsİntro2222\Genericsİntro2222.csproj", "{3AAB5A12-B9E4-4F01-A20A-8A603818D0CB}"
EndProject
Project("{9A19103F-16F7-4668-BE54-9A1E7A4F7556}") = "4Gün5Ödev", "4Gün5Ödev\4Gün5Ödev.csproj", "{6E671712-64DA-4101-AA9D-E146249A3D75}"
EndProject
Project("{9A19103F-16F7-4668-BE54-9A1E7A4F7556}") = "OOP2", "OOP2\OOP2.csproj", "{6919F5ED-BEC9-4B4A-8291-1A5F1EE7AD30}"
EndProject
Project("{9A19103F-16F7-4668-BE54-9A1E7A4F7556}") = "OOP3", "OOP3\OOP3.csproj", "{3E559358-A47B-4ECD-83B4-17F689CA20B3}"
EndProject
Project("{9A19103F-16F7-4668-BE54-9A1E7A4F7556}") = "5.GünÖdev1", "5.GünÖdev1\5.GünÖdev1.csproj", "{942BBC1C-7DBE-4276-8572-A32BE3D32E42}"
EndProject
Project("{9A19103F-16F7-4668-BE54-9A1E7A4F7556}") = "İnterface1", "İnterface1\İnterface1.csproj", "{1CBEB460-9989-4C33-A264-71C2D9BC20BE}"
EndProject
Project("{9A19103F-16F7-4668-BE54-9A1E7A4F7556}") = "İnterfacesDemo", "İnterfacesDemo\İnterfacesDemo.csproj", "{1502C653-2E63-4674-830E-520144E5556C}"
EndProject
Project("{9A19103F-16F7-4668-BE54-9A1E7A4F7556}") = "İnheritance", "İnheritance\İnheritance.csproj", "{92FBEFFD-4018-4736-B1A0-CA89695A4788}"
EndProject
Project("{9A19103F-16F7-4668-BE54-9A1E7A4F7556}") = "genericKontrol", "genericKontrol\genericKontrol.csproj", "{A3F9F393-0697-4CA3-9A56-EACEBB989F3F}"
EndProject
Project("{FAE04EC0-301F-11D3-BF4B-00C04F79EFBC}") = "GameWork", "GameWork\GameWork.csproj", "{40E999C5-0578-4539-9C7F-A262B984806D}"
EndProject
Global
	GlobalSection(SolutionConfigurationPlatforms) = preSolution
		Debug|Any CPU = Debug|Any CPU
		Release|Any CPU = Release|Any CPU
	EndGlobalSection
	GlobalSection(ProjectConfigurationPlatforms) = postSolution
		{665F17BC-CD34-4685-B212-CBE48F5646C8}.Debug|Any CPU.ActiveCfg = Debug|Any CPU
		{665F17BC-CD34-4685-B212-CBE48F5646C8}.Debug|Any CPU.Build.0 = Debug|Any CPU
		{665F17BC-CD34-4685-B212-CBE48F5646C8}.Release|Any CPU.ActiveCfg = Release|Any CPU
		{665F17BC-CD34-4685-B212-CBE48F5646C8}.Release|Any CPU.Build.0 = Release|Any CPU
		{5BA4B3B7-2AEB-48E1-AEB5-1AA073B88509}.Debug|Any CPU.ActiveCfg = Debug|Any CPU
		{5BA4B3B7-2AEB-48E1-AEB5-1AA073B88509}.Debug|Any CPU.Build.0 = Debug|Any CPU
		{5BA4B3B7-2AEB-48E1-AEB5-1AA073B88509}.Release|Any CPU.ActiveCfg = Release|Any CPU
		{5BA4B3B7-2AEB-48E1-AEB5-1AA073B88509}.Release|Any CPU.Build.0 = Release|Any CPU
		{8038D5AB-07DF-4841-A441-5C8FD3CF66BB}.Debug|Any CPU.ActiveCfg = Debug|Any CPU
		{8038D5AB-07DF-4841-A441-5C8FD3CF66BB}.Debug|Any CPU.Build.0 = Debug|Any CPU
		{8038D5AB-07DF-4841-A441-5C8FD3CF66BB}.Release|Any CPU.ActiveCfg = Release|Any CPU
		{8038D5AB-07DF-4841-A441-5C8FD3CF66BB}.Release|Any CPU.Build.0 = Release|Any CPU
		{1A9FC7F6-C905-4E6B-B92C-3762CDE5C953}.Debug|Any CPU.ActiveCfg = Debug|Any CPU
		{1A9FC7F6-C905-4E6B-B92C-3762CDE5C953}.Debug|Any CPU.Build.0 = Debug|Any CPU
		{1A9FC7F6-C905-4E6B-B92C-3762CDE5C953}.Release|Any CPU.ActiveCfg = Release|Any CPU
		{1A9FC7F6-C905-4E6B-B92C-3762CDE5C953}.Release|Any CPU.Build.0 = Release|Any CPU
		{F19FD6AD-F3F5-4320-96BC-1FBD32BA4519}.Debug|Any CPU.ActiveCfg = Debug|Any CPU
		{F19FD6AD-F3F5-4320-96BC-1FBD32BA4519}.Debug|Any CPU.Build.0 = Debug|Any CPU
		{F19FD6AD-F3F5-4320-96BC-1FBD32BA4519}.Release|Any CPU.ActiveCfg = Release|Any CPU
		{F19FD6AD-F3F5-4320-96BC-1FBD32BA4519}.Release|Any CPU.Build.0 = Release|Any CPU
		{06C884FC-A9F1-4DE0-B426-07EF6AED80C3}.Debug|Any CPU.ActiveCfg = Debug|Any CPU
		{06C884FC-A9F1-4DE0-B426-07EF6AED80C3}.Debug|Any CPU.Build.0 = Debug|Any CPU
		{06C884FC-A9F1-4DE0-B426-07EF6AED80C3}.Release|Any CPU.ActiveCfg = Release|Any CPU
		{06C884FC-A9F1-4DE0-B426-07EF6AED80C3}.Release|Any CPU.Build.0 = Release|Any CPU
		{797AE641-8702-406C-BE42-D8FC24D02B96}.Debug|Any CPU.ActiveCfg = Debug|Any CPU
		{797AE641-8702-406C-BE42-D8FC24D02B96}.Debug|Any CPU.Build.0 = Debug|Any CPU
		{797AE641-8702-406C-BE42-D8FC24D02B96}.Release|Any CPU.ActiveCfg = Release|Any CPU
		{797AE641-8702-406C-BE42-D8FC24D02B96}.Release|Any CPU.Build.0 = Release|Any CPU
		{BE98C74C-E767-4A12-AD96-C5EA905EBE42}.Debug|Any CPU.ActiveCfg = Debug|Any CPU
		{BE98C74C-E767-4A12-AD96-C5EA905EBE42}.Debug|Any CPU.Build.0 = Debug|Any CPU
		{BE98C74C-E767-4A12-AD96-C5EA905EBE42}.Release|Any CPU.ActiveCfg = Release|Any CPU
		{BE98C74C-E767-4A12-AD96-C5EA905EBE42}.Release|Any CPU.Build.0 = Release|Any CPU
		{FB64673A-9AEE-481F-9DF0-A5A97BA1EE72}.Debug|Any CPU.ActiveCfg = Debug|Any CPU
		{FB64673A-9AEE-481F-9DF0-A5A97BA1EE72}.Debug|Any CPU.Build.0 = Debug|Any CPU
		{FB64673A-9AEE-481F-9DF0-A5A97BA1EE72}.Release|Any CPU.ActiveCfg = Release|Any CPU
		{FB64673A-9AEE-481F-9DF0-A5A97BA1EE72}.Release|Any CPU.Build.0 = Release|Any CPU
		{FFCEB1C5-FBA8-458B-A71B-BB1B5398BFA3}.Debug|Any CPU.ActiveCfg = Debug|Any CPU
		{FFCEB1C5-FBA8-458B-A71B-BB1B5398BFA3}.Debug|Any CPU.Build.0 = Debug|Any CPU
		{FFCEB1C5-FBA8-458B-A71B-BB1B5398BFA3}.Release|Any CPU.ActiveCfg = Release|Any CPU
		{FFCEB1C5-FBA8-458B-A71B-BB1B5398BFA3}.Release|Any CPU.Build.0 = Release|Any CPU
		{7C5947C9-3E6A-4D73-8AA7-B6DC95FBC63D}.Debug|Any CPU.ActiveCfg = Debug|Any CPU
		{7C5947C9-3E6A-4D73-8AA7-B6DC95FBC63D}.Debug|Any CPU.Build.0 = Debug|Any CPU
		{7C5947C9-3E6A-4D73-8AA7-B6DC95FBC63D}.Release|Any CPU.ActiveCfg = Release|Any CPU
		{7C5947C9-3E6A-4D73-8AA7-B6DC95FBC63D}.Release|Any CPU.Build.0 = Release|Any CPU
		{3AAB5A12-B9E4-4F01-A20A-8A603818D0CB}.Debug|Any CPU.ActiveCfg = Debug|Any CPU
		{3AAB5A12-B9E4-4F01-A20A-8A603818D0CB}.Debug|Any CPU.Build.0 = Debug|Any CPU
		{3AAB5A12-B9E4-4F01-A20A-8A603818D0CB}.Release|Any CPU.ActiveCfg = Release|Any CPU
		{3AAB5A12-B9E4-4F01-A20A-8A603818D0CB}.Release|Any CPU.Build.0 = Release|Any CPU
		{6E671712-64DA-4101-AA9D-E146249A3D75}.Debug|Any CPU.ActiveCfg = Debug|Any CPU
		{6E671712-64DA-4101-AA9D-E146249A3D75}.Debug|Any CPU.Build.0 = Debug|Any CPU
		{6E671712-64DA-4101-AA9D-E146249A3D75}.Release|Any CPU.ActiveCfg = Release|Any CPU
		{6E671712-64DA-4101-AA9D-E146249A3D75}.Release|Any CPU.Build.0 = Release|Any CPU
		{6919F5ED-BEC9-4B4A-8291-1A5F1EE7AD30}.Debug|Any CPU.ActiveCfg = Debug|Any CPU
		{6919F5ED-BEC9-4B4A-8291-1A5F1EE7AD30}.Debug|Any CPU.Build.0 = Debug|Any CPU
		{6919F5ED-BEC9-4B4A-8291-1A5F1EE7AD30}.Release|Any CPU.ActiveCfg = Release|Any CPU
		{6919F5ED-BEC9-4B4A-8291-1A5F1EE7AD30}.Release|Any CPU.Build.0 = Release|Any CPU
		{3E559358-A47B-4ECD-83B4-17F689CA20B3}.Debug|Any CPU.ActiveCfg = Debug|Any CPU
		{3E559358-A47B-4ECD-83B4-17F689CA20B3}.Debug|Any CPU.Build.0 = Debug|Any CPU
		{3E559358-A47B-4ECD-83B4-17F689CA20B3}.Release|Any CPU.ActiveCfg = Release|Any CPU
		{3E559358-A47B-4ECD-83B4-17F689CA20B3}.Release|Any CPU.Build.0 = Release|Any CPU
		{942BBC1C-7DBE-4276-8572-A32BE3D32E42}.Debug|Any CPU.ActiveCfg = Debug|Any CPU
		{942BBC1C-7DBE-4276-8572-A32BE3D32E42}.Debug|Any CPU.Build.0 = Debug|Any CPU
		{942BBC1C-7DBE-4276-8572-A32BE3D32E42}.Release|Any CPU.ActiveCfg = Release|Any CPU
		{942BBC1C-7DBE-4276-8572-A32BE3D32E42}.Release|Any CPU.Build.0 = Release|Any CPU
		{1CBEB460-9989-4C33-A264-71C2D9BC20BE}.Debug|Any CPU.ActiveCfg = Debug|Any CPU
		{1CBEB460-9989-4C33-A264-71C2D9BC20BE}.Debug|Any CPU.Build.0 = Debug|Any CPU
		{1CBEB460-9989-4C33-A264-71C2D9BC20BE}.Release|Any CPU.ActiveCfg = Release|Any CPU
		{1CBEB460-9989-4C33-A264-71C2D9BC20BE}.Release|Any CPU.Build.0 = Release|Any CPU
		{1502C653-2E63-4674-830E-520144E5556C}.Debug|Any CPU.ActiveCfg = Debug|Any CPU
		{1502C653-2E63-4674-830E-520144E5556C}.Debug|Any CPU.Build.0 = Debug|Any CPU
		{1502C653-2E63-4674-830E-520144E5556C}.Release|Any CPU.ActiveCfg = Release|Any CPU
		{1502C653-2E63-4674-830E-520144E5556C}.Release|Any CPU.Build.0 = Release|Any CPU
		{92FBEFFD-4018-4736-B1A0-CA89695A4788}.Debug|Any CPU.ActiveCfg = Debug|Any CPU
		{92FBEFFD-4018-4736-B1A0-CA89695A4788}.Debug|Any CPU.Build.0 = Debug|Any CPU
		{92FBEFFD-4018-4736-B1A0-CA89695A4788}.Release|Any CPU.ActiveCfg = Release|Any CPU
		{92FBEFFD-4018-4736-B1A0-CA89695A4788}.Release|Any CPU.Build.0 = Release|Any CPU
		{A3F9F393-0697-4CA3-9A56-EACEBB989F3F}.Debug|Any CPU.ActiveCfg = Debug|Any CPU
		{A3F9F393-0697-4CA3-9A56-EACEBB989F3F}.Debug|Any CPU.Build.0 = Debug|Any CPU
		{A3F9F393-0697-4CA3-9A56-EACEBB989F3F}.Release|Any CPU.ActiveCfg = Release|Any CPU
		{A3F9F393-0697-4CA3-9A56-EACEBB989F3F}.Release|Any CPU.Build.0 = Release|Any CPU
		{40E999C5-0578-4539-9C7F-A262B984806D}.Debug|Any CPU.ActiveCfg = Debug|Any CPU
		{40E999C5-0578-4539-9C7F-A262B984806D}.Debug|Any CPU.Build.0 = Debug|Any CPU
		{40E999C5-0578-4539-9C7F-A262B984806D}.Release|Any CPU.ActiveCfg = Release|Any CPU
		{40E999C5-0578-4539-9C7F-A262B984806D}.Release|Any CPU.Build.0 = Release|Any CPU
	EndGlobalSection
	GlobalSection(SolutionProperties) = preSolution
		HideSolutionNode = FALSE
	EndGlobalSection
	GlobalSection(ExtensibilityGlobals) = postSolution
		SolutionGuid = {BC16156A-34B6-4F9F-9970-F0AFB4F0B6AF}
	EndGlobalSection
EndGlobal
